<Solution>
  <Folder Name="/src/">
    <Project Path="src/EtAlii.Dllm.Cli/EtAlii.Dllm.Cli.csproj" />
    <Project Path="src/EtAlii.Dllm.Core/EtAlii.Dllm.Core.csproj" />
    <Project Path="src/EtAlii.Dllm.Mcp/EtAlii.Dllm.Mcp.csproj" />
    <Project Path="src/EtAlii.Dllm.Server/EtAlii.Dllm.Server.csproj" />
  </Folder>
  <Folder Name="/tests/">
    <Project Path="tests/EtAlii.Dllm.Core.Tests/EtAlii.Dllm.Core.Tests.csproj" />
    <Project Path="tests/EtAlii.Dllm.Server.Tests/EtAlii.Dllm.Server.Tests.csproj" />
  </Folder>
</Solution>
